
Microsoft Visual Studio Solution File, Format Version 12.00
# Visual Studio Version 17
VisualStudioVersion = 17.2.32616.157
MinimumVisualStudioVersion = 10.0.40219.1
Project("{9A19103F-16F7-4668-BE54-9A1E7A4F7556}") = "PasswordAppConsole", "PasswordAppConsole\PasswordAppConsole.csproj", "{2B34F71A-689A-44A8-8500-E75F262DD01C}"
EndProject
Project("{9A19103F-16F7-4668-BE54-9A1E7A4F7556}") = "DAL", "DAL\DAL.csproj", "{1BE70DD6-C64E-4844-9FE9-A3701FE9483F}"
EndProject
Project("{9A19103F-16F7-4668-BE54-9A1E7A4F7556}") = "BL", "BL\BL.csproj", "{48F967F1-FB19-4FA1-B4B9-9B67CB8C9432}"
EndProject
Project("{FAE04EC0-301F-11D3-BF4B-00C04F79EFBC}") = "WebAPI", "WebAPI\WebAPI.csproj", "{8F0EC607-30D3-45E6-953D-21BE47B7A154}"
EndProject
Global
	GlobalSection(SolutionConfigurationPlatforms) = preSolution
		Debug|Any CPU = Debug|Any CPU
		Release|Any CPU = Release|Any CPU
	EndGlobalSection
	GlobalSection(ProjectConfigurationPlatforms) = postSolution
		{2B34F71A-689A-44A8-8500-E75F262DD01C}.Debug|Any CPU.ActiveCfg = Debug|Any CPU
		{2B34F71A-689A-44A8-8500-E75F262DD01C}.Debug|Any CPU.Build.0 = Debug|Any CPU
		{2B34F71A-689A-44A8-8500-E75F262DD01C}.Release|Any CPU.ActiveCfg = Release|Any CPU
		{2B34F71A-689A-44A8-8500-E75F262DD01C}.Release|Any CPU.Build.0 = Release|Any CPU
		{1BE70DD6-C64E-4844-9FE9-A3701FE9483F}.Debug|Any CPU.ActiveCfg = Debug|Any CPU
		{1BE70DD6-C64E-4844-9FE9-A3701FE9483F}.Debug|Any CPU.Build.0 = Debug|Any CPU
		{1BE70DD6-C64E-4844-9FE9-A3701FE9483F}.Release|Any CPU.ActiveCfg = Release|Any CPU
		{1BE70DD6-C64E-4844-9FE9-A3701FE9483F}.Release|Any CPU.Build.0 = Release|Any CPU
		{48F967F1-FB19-4FA1-B4B9-9B67CB8C9432}.Debug|Any CPU.ActiveCfg = Debug|Any CPU
		{48F967F1-FB19-4FA1-B4B9-9B67CB8C9432}.Debug|Any CPU.Build.0 = Debug|Any CPU
		{48F967F1-FB19-4FA1-B4B9-9B67CB8C9432}.Release|Any CPU.ActiveCfg = Release|Any CPU
		{48F967F1-FB19-4FA1-B4B9-9B67CB8C9432}.Release|Any CPU.Build.0 = Release|Any CPU
		{8F0EC607-30D3-45E6-953D-21BE47B7A154}.Debug|Any CPU.ActiveCfg = Debug|Any CPU
		{8F0EC607-30D3-45E6-953D-21BE47B7A154}.Debug|Any CPU.Build.0 = Debug|Any CPU
		{8F0EC607-30D3-45E6-953D-21BE47B7A154}.Release|Any CPU.ActiveCfg = Release|Any CPU
		{8F0EC607-30D3-45E6-953D-21BE47B7A154}.Release|Any CPU.Build.0 = Release|Any CPU
	EndGlobalSection
	GlobalSection(SolutionProperties) = preSolution
		HideSolutionNode = FALSE
	EndGlobalSection
	GlobalSection(ExtensibilityGlobals) = postSolution
		SolutionGuid = {49D3D3AB-3A3E-4EDC-B79C-6E8EFCC18A59}
	EndGlobalSection
EndGlobal
